// !$*UTF8*$!
{
	archiveVersion = 1;
	classes = {
	};
	objectVersion = 56;
	objects = {

/* Begin PBXBuildFile section */
		0D40BF4728D984B800D339E4 /* MainController.swift in Sources */ = {isa = PBXBuildFile; fileRef = 0D40BF4628D984B800D339E4 /* MainController.swift */; };
		0D40BF7128D9B98800D339E4 /* dataList.xcdatamodeld in Sources */ = {isa = PBXBuildFile; fileRef = 0D40BF6F28D9B98800D339E4 /* dataList.xcdatamodeld */; };
		0D40BF7428D9B9C300D339E4 /* Todo+CoreDataClass.swift in Sources */ = {isa = PBXBuildFile; fileRef = 0D40BF7228D9B9C300D339E4 /* Todo+CoreDataClass.swift */; };
		0DC8E4BD28D97D3100640189 /* AppDelegate.swift in Sources */ = {isa = PBXBuildFile; fileRef = 0DC8E4BC28D97D3100640189 /* AppDelegate.swift */; };
		0DC8E4BF28D97D3100640189 /* SceneDelegate.swift in Sources */ = {isa = PBXBuildFile; fileRef = 0DC8E4BE28D97D3100640189 /* SceneDelegate.swift */; };
		0DC8E4C428D97D3100640189 /* Main.storyboard in Resources */ = {isa = PBXBuildFile; fileRef = 0DC8E4C228D97D3100640189 /* Main.storyboard */; };
		0DC8E4C728D97D3100640189 /* TodoList.xcdatamodeld in Sources */ = {isa = PBXBuildFile; fileRef = 0DC8E4C528D97D3100640189 /* TodoList.xcdatamodeld */; };
		0DC8E4C928D97D3300640189 /* Assets.xcassets in Resources */ = {isa = PBXBuildFile; fileRef = 0DC8E4C828D97D3300640189 /* Assets.xcassets */; };
		0DC8E4CC28D97D3300640189 /* LaunchScreen.storyboard in Resources */ = {isa = PBXBuildFile; fileRef = 0DC8E4CA28D97D3300640189 /* LaunchScreen.storyboard */; };
		0DC8E4D728D97D3300640189 /* TodoListTests.swift in Sources */ = {isa = PBXBuildFile; fileRef = 0DC8E4D628D97D3300640189 /* TodoListTests.swift */; };
		0DC8E4E128D97D3300640189 /* TodoListUITests.swift in Sources */ = {isa = PBXBuildFile; fileRef = 0DC8E4E028D97D3300640189 /* TodoListUITests.swift */; };
		0DC8E4E328D97D3300640189 /* TodoListUITestsLaunchTests.swift in Sources */ = {isa = PBXBuildFile; fileRef = 0DC8E4E228D97D3300640189 /* TodoListUITestsLaunchTests.swift */; };
		0DC8E4F428D9819A00640189 /* TableViewCell.swift in Sources */ = {isa = PBXBuildFile; fileRef = 0DC8E4F228D9819A00640189 /* TableViewCell.swift */; };
		0DC8E4F528D9819A00640189 /* TableViewCell.xib in Resources */ = {isa = PBXBuildFile; fileRef = 0DC8E4F328D9819A00640189 /* TableViewCell.xib */; };
/* End PBXBuildFile section */

/* Begin PBXContainerItemProxy section */
		0DC8E4D328D97D3300640189 /* PBXContainerItemProxy */ = {
			isa = PBXContainerItemProxy;
			containerPortal = 0DC8E4B128D97D3100640189 /* Project object */;
			proxyType = 1;
			remoteGlobalIDString = 0DC8E4B828D97D3100640189;
			remoteInfo = TodoList;
		};
		0DC8E4DD28D97D3300640189 /* PBXContainerItemProxy */ = {
			isa = PBXContainerItemProxy;
			containerPortal = 0DC8E4B128D97D3100640189 /* Project object */;
			proxyType = 1;
			remoteGlobalIDString = 0DC8E4B828D97D3100640189;
			remoteInfo = TodoList;
		};
/* End PBXContainerItemProxy section */

/* Begin PBXFileReference section */
		0D40BF4628D984B800D339E4 /* MainController.swift */ = {isa = PBXFileReference; lastKnownFileType = sourcecode.swift; path = MainController.swift; sourceTree = "<group>"; };
		0D40BF7028D9B98800D339E4 /* dataList.xcdatamodel */ = {isa = PBXFileReference; lastKnownFileType = wrapper.xcdatamodel; path = dataList.xcdatamodel; sourceTree = "<group>"; };
		0D40BF7228D9B9C300D339E4 /* Todo+CoreDataClass.swift */ = {isa = PBXFileReference; lastKnownFileType = sourcecode.swift; path = "Todo+CoreDataClass.swift"; sourceTree = "<group>"; };
		0DC8E4B928D97D3100640189 /* TodoList.app */ = {isa = PBXFileReference; explicitFileType = wrapper.application; includeInIndex = 0; path = TodoList.app; sourceTree = BUILT_PRODUCTS_DIR; };
		0DC8E4BC28D97D3100640189 /* AppDelegate.swift */ = {isa = PBXFileReference; lastKnownFileType = sourcecode.swift; path = AppDelegate.swift; sourceTree = "<group>"; };
		0DC8E4BE28D97D3100640189 /* SceneDelegate.swift */ = {isa = PBXFileReference; lastKnownFileType = sourcecode.swift; path = SceneDelegate.swift; sourceTree = "<group>"; };
		0DC8E4C328D97D3100640189 /* Base */ = {isa = PBXFileReference; lastKnownFileType = file.storyboard; name = Base; path = Base.lproj/Main.storyboard; sourceTree = "<group>"; };
		0DC8E4C628D97D3100640189 /* TodoList.xcdatamodel */ = {isa = PBXFileReference; lastKnownFileType = wrapper.xcdatamodel; path = TodoList.xcdatamodel; sourceTree = "<group>"; };
		0DC8E4C828D97D3300640189 /* Assets.xcassets */ = {isa = PBXFileReference; lastKnownFileType = folder.assetcatalog; path = Assets.xcassets; sourceTree = "<group>"; };
		0DC8E4CB28D97D3300640189 /* Base */ = {isa = PBXFileReference; lastKnownFileType = file.storyboard; name = Base; path = Base.lproj/LaunchScreen.storyboard; sourceTree = "<group>"; };
		0DC8E4CD28D97D3300640189 /* Info.plist */ = {isa = PBXFileReference; lastKnownFileType = text.plist.xml; path = Info.plist; sourceTree = "<group>"; };
		0DC8E4D228D97D3300640189 /* TodoListTests.xctest */ = {isa = PBXFileReference; explicitFileType = wrapper.cfbundle; includeInIndex = 0; path = TodoListTests.xctest; sourceTree = BUILT_PRODUCTS_DIR; };
		0DC8E4D628D97D3300640189 /* TodoListTests.swift */ = {isa = PBXFileReference; lastKnownFileType = sourcecode.swift; path = TodoListTests.swift; sourceTree = "<group>"; };
		0DC8E4DC28D97D3300640189 /* TodoListUITests.xctest */ = {isa = PBXFileReference; explicitFileType = wrapper.cfbundle; includeInIndex = 0; path = TodoListUITests.xctest; sourceTree = BUILT_PRODUCTS_DIR; };
		0DC8E4E028D97D3300640189 /* TodoListUITests.swift */ = {isa = PBXFileReference; lastKnownFileType = sourcecode.swift; path = TodoListUITests.swift; sourceTree = "<group>"; };
		0DC8E4E228D97D3300640189 /* TodoListUITestsLaunchTests.swift */ = {isa = PBXFileReference; lastKnownFileType = sourcecode.swift; path = TodoListUITestsLaunchTests.swift; sourceTree = "<group>"; };
		0DC8E4F228D9819A00640189 /* TableViewCell.swift */ = {isa = PBXFileReference; lastKnownFileType = sourcecode.swift; path = TableViewCell.swift; sourceTree = "<group>"; };
		0DC8E4F328D9819A00640189 /* TableViewCell.xib */ = {isa = PBXFileReference; lastKnownFileType = file.xib; path = TableViewCell.xib; sourceTree = "<group>"; };
/* End PBXFileReference section */

/* Begin PBXFrameworksBuildPhase section */
		0DC8E4B628D97D3100640189 /* Frameworks */ = {
			isa = PBXFrameworksBuildPhase;
			buildActionMask = 2147483647;
			files = (
			);
			runOnlyForDeploymentPostprocessing = 0;
		};
		0DC8E4CF28D97D3300640189 /* Frameworks */ = {
			isa = PBXFrameworksBuildPhase;
			buildActionMask = 2147483647;
			files = (
			);
			runOnlyForDeploymentPostprocessing = 0;
		};
		0DC8E4D928D97D3300640189 /* Frameworks */ = {
			isa = PBXFrameworksBuildPhase;
			buildActionMask = 2147483647;
			files = (
			);
			runOnlyForDeploymentPostprocessing = 0;
		};
/* End PBXFrameworksBuildPhase section */

/* Begin PBXGroup section */
		0D40BF4D28D999E500D339E4 /* CoreData */ = {
			isa = PBXGroup;
			children = (
			);
			path = CoreData;
			sourceTree = "<group>";
		};
		0DC8E4B028D97D3100640189 = {
			isa = PBXGroup;
			children = (
				0D40BF7228D9B9C300D339E4 /* Todo+CoreDataClass.swift */,
				0DC8E4BB28D97D3100640189 /* TodoList */,
				0DC8E4D528D97D3300640189 /* TodoListTests */,
				0DC8E4DF28D97D3300640189 /* TodoListUITests */,
				0DC8E4BA28D97D3100640189 /* Products */,
			);
			sourceTree = "<group>";
		};
		0DC8E4BA28D97D3100640189 /* Products */ = {
			isa = PBXGroup;
			children = (
				0DC8E4B928D97D3100640189 /* TodoList.app */,
				0DC8E4D228D97D3300640189 /* TodoListTests.xctest */,
				0DC8E4DC28D97D3300640189 /* TodoListUITests.xctest */,
			);
			name = Products;
			sourceTree = "<group>";
		};
		0DC8E4BB28D97D3100640189 /* TodoList */ = {
			isa = PBXGroup;
			children = (
				0D40BF4D28D999E500D339E4 /* CoreData */,
				0DC8E4BC28D97D3100640189 /* AppDelegate.swift */,
				0DC8E4BE28D97D3100640189 /* SceneDelegate.swift */,
				0DC8E4F128D97D6C00640189 /* Controller */,
				0DC8E4F028D97D6400640189 /* Model */,
				0DC8E4EF28D97D4F00640189 /* View */,
				0DC8E4C828D97D3300640189 /* Assets.xcassets */,
				0DC8E4CA28D97D3300640189 /* LaunchScreen.storyboard */,
				0DC8E4CD28D97D3300640189 /* Info.plist */,
				0D40BF6F28D9B98800D339E4 /* dataList.xcdatamodeld */,
				0DC8E4C528D97D3100640189 /* TodoList.xcdatamodeld */,
			);
			path = TodoList;
			sourceTree = "<group>";
		};
		0DC8E4D528D97D3300640189 /* TodoListTests */ = {
			isa = PBXGroup;
			children = (
				0DC8E4D628D97D3300640189 /* TodoListTests.swift */,
			);
			path = TodoListTests;
			sourceTree = "<group>";
		};
		0DC8E4DF28D97D3300640189 /* TodoListUITests */ = {
			isa = PBXGroup;
			children = (
				0DC8E4E028D97D3300640189 /* TodoListUITests.swift */,
				0DC8E4E228D97D3300640189 /* TodoListUITestsLaunchTests.swift */,
			);
			path = TodoListUITests;
			sourceTree = "<group>";
		};
		0DC8E4EF28D97D4F00640189 /* View */ = {
			isa = PBXGroup;
			children = (
				0DC8E4C228D97D3100640189 /* Main.storyboard */,
				0DC8E4F228D9819A00640189 /* TableViewCell.swift */,
				0DC8E4F328D9819A00640189 /* TableViewCell.xib */,
			);
			path = View;
			sourceTree = "<group>";
		};
		0DC8E4F028D97D6400640189 /* Model */ = {
			isa = PBXGroup;
			children = (
			);
			path = Model;
			sourceTree = "<group>";
		};
		0DC8E4F128D97D6C00640189 /* Controller */ = {
			isa = PBXGroup;
			children = (
				0D40BF4628D984B800D339E4 /* MainController.swift */,
			);
			path = Controller;
			sourceTree = "<group>";
		};
/* End PBXGroup section */

/* Begin PBXNativeTarget section */
		0DC8E4B828D97D3100640189 /* TodoList */ = {
			isa = PBXNativeTarget;
			buildConfigurationList = 0DC8E4E628D97D3300640189 /* Build configuration list for PBXNativeTarget "TodoList" */;
			buildPhases = (
				0DC8E4B528D97D3100640189 /* Sources */,
				0DC8E4B628D97D3100640189 /* Frameworks */,
				0DC8E4B728D97D3100640189 /* Resources */,
			);
			buildRules = (
			);
			dependencies = (
			);
			name = TodoList;
			productName = TodoList;
			productReference = 0DC8E4B928D97D3100640189 /* TodoList.app */;
			productType = "com.apple.product-type.application";
		};
		0DC8E4D128D97D3300640189 /* TodoListTests */ = {
			isa = PBXNativeTarget;
			buildConfigurationList = 0DC8E4E928D97D3300640189 /* Build configuration list for PBXNativeTarget "TodoListTests" */;
			buildPhases = (
				0DC8E4CE28D97D3300640189 /* Sources */,
				0DC8E4CF28D97D3300640189 /* Frameworks */,
				0DC8E4D028D97D3300640189 /* Resources */,
			);
			buildRules = (
			);
			dependencies = (
				0DC8E4D428D97D3300640189 /* PBXTargetDependency */,
			);
			name = TodoListTests;
			productName = TodoListTests;
			productReference = 0DC8E4D228D97D3300640189 /* TodoListTests.xctest */;
			productType = "com.apple.product-type.bundle.unit-test";
		};
		0DC8E4DB28D97D3300640189 /* TodoListUITests */ = {
			isa = PBXNativeTarget;
			buildConfigurationList = 0DC8E4EC28D97D3300640189 /* Build configuration list for PBXNativeTarget "TodoListUITests" */;
			buildPhases = (
				0DC8E4D828D97D3300640189 /* Sources */,
				0DC8E4D928D97D3300640189 /* Frameworks */,
				0DC8E4DA28D97D3300640189 /* Resources */,
			);
			buildRules = (
			);
			dependencies = (
				0DC8E4DE28D97D3300640189 /* PBXTargetDependency */,
			);
			name = TodoListUITests;
			productName = TodoListUITests;
			productReference = 0DC8E4DC28D97D3300640189 /* TodoListUITests.xctest */;
			productType = "com.apple.product-type.bundle.ui-testing";
		};
/* End PBXNativeTarget section */

/* Begin PBXProject section */
		0DC8E4B128D97D3100640189 /* Project object */ = {
			isa = PBXProject;
			attributes = {
				BuildIndependentTargetsInParallel = 1;
				LastSwiftUpdateCheck = 1400;
				LastUpgradeCheck = 1400;
				TargetAttributes = {
					0DC8E4B828D97D3100640189 = {
						CreatedOnToolsVersion = 14.0;
					};
					0DC8E4D128D97D3300640189 = {
						CreatedOnToolsVersion = 14.0;
						TestTargetID = 0DC8E4B828D97D3100640189;
					};
					0DC8E4DB28D97D3300640189 = {
						CreatedOnToolsVersion = 14.0;
						TestTargetID = 0DC8E4B828D97D3100640189;
					};
				};
			};
			buildConfigurationList = 0DC8E4B428D97D3100640189 /* Build configuration list for PBXProject "TodoList" */;
			compatibilityVersion = "Xcode 14.0";
			developmentRegion = en;
			hasScannedForEncodings = 0;
			knownRegions = (
				en,
				Base,
			);
			mainGroup = 0DC8E4B028D97D3100640189;
			productRefGroup = 0DC8E4BA28D97D3100640189 /* Products */;
			projectDirPath = "";
			projectRoot = "";
			targets = (
				0DC8E4B828D97D3100640189 /* TodoList */,
				0DC8E4D128D97D3300640189 /* TodoListTests */,
				0DC8E4DB28D97D3300640189 /* TodoListUITests */,
			);
		};
/* End PBXProject section */

/* Begin PBXResourcesBuildPhase section */
		0DC8E4B728D97D3100640189 /* Resources */ = {
			isa = PBXResourcesBuildPhase;
			buildActionMask = 2147483647;
			files = (
				0DC8E4CC28D97D3300640189 /* LaunchScreen.storyboard in Resources */,
				0DC8E4F528D9819A00640189 /* TableViewCell.xib in Resources */,
				0DC8E4C928D97D3300640189 /* Assets.xcassets in Resources */,
				0DC8E4C428D97D3100640189 /* Main.storyboard in Resources */,
			);
			runOnlyForDeploymentPostprocessing = 0;
		};
		0DC8E4D028D97D3300640189 /* Resources */ = {
			isa = PBXResourcesBuildPhase;
			buildActionMask = 2147483647;
			files = (
			);
			runOnlyForDeploymentPostprocessing = 0;
		};
		0DC8E4DA28D97D3300640189 /* Resources */ = {
			isa = PBXResourcesBuildPhase;
			buildActionMask = 2147483647;
			files = (
			);
			runOnlyForDeploymentPostprocessing = 0;
		};
/* End PBXResourcesBuildPhase section */

/* Begin PBXSourcesBuildPhase section */
		0DC8E4B528D97D3100640189 /* Sources */ = {
			isa = PBXSourcesBuildPhase;
			buildActionMask = 2147483647;
			files = (
				0D40BF4728D984B800D339E4 /* MainController.swift in Sources */,
				0DC8E4F428D9819A00640189 /* TableViewCell.swift in Sources */,
				0DC8E4BD28D97D3100640189 /* AppDelegate.swift in Sources */,
				0D40BF7428D9B9C300D339E4 /* Todo+CoreDataClass.swift in Sources */,
				0D40BF7128D9B98800D339E4 /* dataList.xcdatamodeld in Sources */,
				0DC8E4BF28D97D3100640189 /* SceneDelegate.swift in Sources */,
				0DC8E4C728D97D3100640189 /* TodoList.xcdatamodeld in Sources */,
			);
			runOnlyForDeploymentPostprocessing = 0;
		};
		0DC8E4CE28D97D3300640189 /* Sources */ = {
			isa = PBXSourcesBuildPhase;
			buildActionMask = 2147483647;
			files = (
				0DC8E4D728D97D3300640189 /* TodoListTests.swift in Sources */,
			);
			runOnlyForDeploymentPostprocessing = 0;
		};
		0DC8E4D828D97D3300640189 /* Sources */ = {
			isa = PBXSourcesBuildPhase;
			buildActionMask = 2147483647;
			files = (
				0DC8E4E328D97D3300640189 /* TodoListUITestsLaunchTests.swift in Sources */,
				0DC8E4E128D97D3300640189 /* TodoListUITests.swift in Sources */,
			);
			runOnlyForDeploymentPostprocessing = 0;
		};
/* End PBXSourcesBuildPhase section */

/* Begin PBXTargetDependency section */
		0DC8E4D428D97D3300640189 /* PBXTargetDependency */ = {
			isa = PBXTargetDependency;
			target = 0DC8E4B828D97D3100640189 /* TodoList */;
			targetProxy = 0DC8E4D328D97D3300640189 /* PBXContainerItemProxy */;
		};
		0DC8E4DE28D97D3300640189 /* PBXTargetDependency */ = {
			isa = PBXTargetDependency;
			target = 0DC8E4B828D97D3100640189 /* TodoList */;
			targetProxy = 0DC8E4DD28D97D3300640189 /* PBXContainerItemProxy */;
		};
/* End PBXTargetDependency section */

/* Begin PBXVariantGroup section */
		0DC8E4C228D97D3100640189 /* Main.storyboard */ = {
			isa = PBXVariantGroup;
			children = (
				0DC8E4C328D97D3100640189 /* Base */,
			);
			name = Main.storyboard;
			sourceTree = "<group>";
		};
		0DC8E4CA28D97D3300640189 /* LaunchScreen.storyboard */ = {
			isa = PBXVariantGroup;
			children = (
				0DC8E4CB28D97D3300640189 /* Base */,
			);
			name = LaunchScreen.storyboard;
			sourceTree = "<group>";
		};
/* End PBXVariantGroup section */

/* Begin XCBuildConfiguration section */
		0DC8E4E428D97D3300640189 /* Debug */ = {
			isa = XCBuildConfiguration;
			buildSettings = {
				ALWAYS_SEARCH_USER_PATHS = NO;
				CLANG_ANALYZER_NONNULL = YES;
				CLANG_ANALYZER_NUMBER_OBJECT_CONVERSION = YES_AGGRESSIVE;
				CLANG_CXX_LANGUAGE_STANDARD = "gnu++20";
				CLANG_ENABLE_MODULES = YES;
				CLANG_ENABLE_OBJC_ARC = YES;
				CLANG_ENABLE_OBJC_WEAK = YES;
				CLANG_WARN_BLOCK_CAPTURE_AUTORELEASING = YES;
				CLANG_WARN_BOOL_CONVERSION = YES;
				CLANG_WARN_COMMA = YES;
				CLANG_WARN_CONSTANT_CONVERSION = YES;
				CLANG_WARN_DEPRECATED_OBJC_IMPLEMENTATIONS = YES;
				CLANG_WARN_DIRECT_OBJC_ISA_USAGE = YES_ERROR;
				CLANG_WARN_DOCUMENTATION_COMMENTS = YES;
				CLANG_WARN_EMPTY_BODY = YES;
				CLANG_WARN_ENUM_CONVERSION = YES;
				CLANG_WARN_INFINITE_RECURSION = YES;
				CLANG_WARN_INT_CONVERSION = YES;
				CLANG_WARN_NON_LITERAL_NULL_CONVERSION = YES;
				CLANG_WARN_OBJC_IMPLICIT_RETAIN_SELF = YES;
				CLANG_WARN_OBJC_LITERAL_CONVERSION = YES;
				CLANG_WARN_OBJC_ROOT_CLASS = YES_ERROR;
				CLANG_WARN_QUOTED_INCLUDE_IN_FRAMEWORK_HEADER = YES;
				CLANG_WARN_RANGE_LOOP_ANALYSIS = YES;
				CLANG_WARN_STRICT_PROTOTYPES = YES;
				CLANG_WARN_SUSPICIOUS_MOVE = YES;
				CLANG_WARN_UNGUARDED_AVAILABILITY = YES_AGGRESSIVE;
				CLANG_WARN_UNREACHABLE_CODE = YES;
				CLANG_WARN__DUPLICATE_METHOD_MATCH = YES;
				COPY_PHASE_STRIP = NO;
				DEBUG_INFORMATION_FORMAT = dwarf;
				ENABLE_STRICT_OBJC_MSGSEND = YES;
				ENABLE_TESTABILITY = YES;
				GCC_C_LANGUAGE_STANDARD = gnu11;
				GCC_DYNAMIC_NO_PIC = NO;
				GCC_NO_COMMON_BLOCKS = YES;
				GCC_OPTIMIZATION_LEVEL = 0;
				GCC_PREPROCESSOR_DEFINITIONS = (
					"DEBUG=1",
					"$(inherited)",
				);
				GCC_WARN_64_TO_32_BIT_CONVERSION = YES;
				GCC_WARN_ABOUT_RETURN_TYPE = YES_ERROR;
				GCC_WARN_UNDECLARED_SELECTOR = YES;
				GCC_WARN_UNINITIALIZED_AUTOS = YES_AGGRESSIVE;
				GCC_WARN_UNUSED_FUNCTION = YES;
				GCC_WARN_UNUSED_VARIABLE = YES;
				IPHONEOS_DEPLOYMENT_TARGET = 16.0;
				MTL_ENABLE_DEBUG_INFO = INCLUDE_SOURCE;
				MTL_FAST_MATH = YES;
				ONLY_ACTIVE_ARCH = YES;
				SDKROOT = iphoneos;
				SWIFT_ACTIVE_COMPILATION_CONDITIONS = DEBUG;
				SWIFT_OPTIMIZATION_LEVEL = "-Onone";
			};
			name = Debug;
		};
		0DC8E4E528D97D3300640189 /* Release */ = {
			isa = XCBuildConfiguration;
			buildSettings = {
				ALWAYS_SEARCH_USER_PATHS = NO;
				CLANG_ANALYZER_NONNULL = YES;
				CLANG_ANALYZER_NUMBER_OBJECT_CONVERSION = YES_AGGRESSIVE;
				CLANG_CXX_LANGUAGE_STANDARD = "gnu++20";
				CLANG_ENABLE_MODULES = YES;
				CLANG_ENABLE_OBJC_ARC = YES;
				CLANG_ENABLE_OBJC_WEAK = YES;
				CLANG_WARN_BLOCK_CAPTURE_AUTORELEASING = YES;
				CLANG_WARN_BOOL_CONVERSION = YES;
				CLANG_WARN_COMMA = YES;
				CLANG_WARN_CONSTANT_CONVERSION = YES;
				CLANG_WARN_DEPRECATED_OBJC_IMPLEMENTATIONS = YES;
				CLANG_WARN_DIRECT_OBJC_ISA_USAGE = YES_ERROR;
				CLANG_WARN_DOCUMENTATION_COMMENTS = YES;
				CLANG_WARN_EMPTY_BODY = YES;
				CLANG_WARN_ENUM_CONVERSION = YES;
				CLANG_WARN_INFINITE_RECURSION = YES;
				CLANG_WARN_INT_CONVERSION = YES;
				CLANG_WARN_NON_LITERAL_NULL_CONVERSION = YES;
				CLANG_WARN_OBJC_IMPLICIT_RETAIN_SELF = YES;
				CLANG_WARN_OBJC_LITERAL_CONVERSION = YES;
				CLANG_WARN_OBJC_ROOT_CLASS = YES_ERROR;
				CLANG_WARN_QUOTED_INCLUDE_IN_FRAMEWORK_HEADER = YES;
				CLANG_WARN_RANGE_LOOP_ANALYSIS = YES;
				CLANG_WARN_STRICT_PROTOTYPES = YES;
				CLANG_WARN_SUSPICIOUS_MOVE = YES;
				CLANG_WARN_UNGUARDED_AVAILABILITY = YES_AGGRESSIVE;
				CLANG_WARN_UNREACHABLE_CODE = YES;
				CLANG_WARN__DUPLICATE_METHOD_MATCH = YES;
				COPY_PHASE_STRIP = NO;
				DEBUG_INFORMATION_FORMAT = "dwarf-with-dsym";
				ENABLE_NS_ASSERTIONS = NO;
				ENABLE_STRICT_OBJC_MSGSEND = YES;
				GCC_C_LANGUAGE_STANDARD = gnu11;
				GCC_NO_COMMON_BLOCKS = YES;
				GCC_WARN_64_TO_32_BIT_CONVERSION = YES;
				GCC_WARN_ABOUT_RETURN_TYPE = YES_ERROR;
				GCC_WARN_UNDECLARED_SELECTOR = YES;
				GCC_WARN_UNINITIALIZED_AUTOS = YES_AGGRESSIVE;
				GCC_WARN_UNUSED_FUNCTION = YES;
				GCC_WARN_UNUSED_VARIABLE = YES;
				IPHONEOS_DEPLOYMENT_TARGET = 16.0;
				MTL_ENABLE_DEBUG_INFO = NO;
				MTL_FAST_MATH = YES;
				SDKROOT = iphoneos;
				SWIFT_COMPILATION_MODE = wholemodule;
				SWIFT_OPTIMIZATION_LEVEL = "-O";
				VALIDATE_PRODUCT = YES;
			};
			name = Release;
		};
		0DC8E4E728D97D3300640189 /* Debug */ = {
			isa = XCBuildConfiguration;
			buildSettings = {
				ASSETCATALOG_COMPILER_APPICON_NAME = AppIcon;
				ASSETCATALOG_COMPILER_GLOBAL_ACCENT_COLOR_NAME = AccentColor;
				CODE_SIGN_STYLE = Automatic;
				CURRENT_PROJECT_VERSION = 1;
				GENERATE_INFOPLIST_FILE = YES;
				INFOPLIST_FILE = TodoList/Info.plist;
				INFOPLIST_KEY_UIApplicationSupportsIndirectInputEvents = YES;
				INFOPLIST_KEY_UILaunchStoryboardName = LaunchScreen;
				INFOPLIST_KEY_UIMainStoryboardFile = Main;
				INFOPLIST_KEY_UISupportedInterfaceOrientations_iPad = "UIInterfaceOrientationPortrait UIInterfaceOrientationPortraitUpsideDown UIInterfaceOrientationLandscapeLeft UIInterfaceOrientationLandscapeRight";
				INFOPLIST_KEY_UISupportedInterfaceOrientations_iPhone = "UIInterfaceOrientationPortrait UIInterfaceOrientationLandscapeLeft UIInterfaceOrientationLandscapeRight";
				LD_RUNPATH_SEARCH_PATHS = (
					"$(inherited)",
					"@executable_path/Frameworks",
				);
				MARKETING_VERSION = 1.0;
				PRODUCT_BUNDLE_IDENTIFIER = no2.TodoList;
				PRODUCT_NAME = "$(TARGET_NAME)";
				SWIFT_EMIT_LOC_STRINGS = YES;
				SWIFT_VERSION = 5.0;
				TARGETED_DEVICE_FAMILY = "1,2";
			};
			name = Debug;
		};
		0DC8E4E828D97D3300640189 /* Release */ = {
			isa = XCBuildConfiguration;
			buildSettings = {
				ASSETCATALOG_COMPILER_APPICON_NAME = AppIcon;
				ASSETCATALOG_COMPILER_GLOBAL_ACCENT_COLOR_NAME = AccentColor;
				CODE_SIGN_STYLE = Automatic;
				CURRENT_PROJECT_VERSION = 1;
				GENERATE_INFOPLIST_FILE = YES;
				INFOPLIST_FILE = TodoList/Info.plist;
				INFOPLIST_KEY_UIApplicationSupportsIndirectInputEvents = YES;
				INFOPLIST_KEY_UILaunchStoryboardName = LaunchScreen;
				INFOPLIST_KEY_UIMainStoryboardFile = Main;
				INFOPLIST_KEY_UISupportedInterfaceOrientations_iPad = "UIInterfaceOrientationPortrait UIInterfaceOrientationPortraitUpsideDown UIInterfaceOrientationLandscapeLeft UIInterfaceOrientationLandscapeRight";
				INFOPLIST_KEY_UISupportedInterfaceOrientations_iPhone = "UIInterfaceOrientationPortrait UIInterfaceOrientationLandscapeLeft UIInterfaceOrientationLandscapeRight";
				LD_RUNPATH_SEARCH_PATHS = (
					"$(inherited)",
					"@executable_path/Frameworks",
				);
				MARKETING_VERSION = 1.0;
				PRODUCT_BUNDLE_IDENTIFIER = no2.TodoList;
				PRODUCT_NAME = "$(TARGET_NAME)";
				SWIFT_EMIT_LOC_STRINGS = YES;
				SWIFT_VERSION = 5.0;
				TARGETED_DEVICE_FAMILY = "1,2";
			};
			name = Release;
		};
		0DC8E4EA28D97D3300640189 /* Debug */ = {
			isa = XCBuildConfiguration;
			buildSettings = {
				ALWAYS_EMBED_SWIFT_STANDARD_LIBRARIES = YES;
				BUNDLE_LOADER = "$(TEST_HOST)";
				CODE_SIGN_STYLE = Automatic;
				CURRENT_PROJECT_VERSION = 1;
				GENERATE_INFOPLIST_FILE = YES;
				IPHONEOS_DEPLOYMENT_TARGET = 16.0;
				MARKETING_VERSION = 1.0;
				PRODUCT_BUNDLE_IDENTIFIER = no2.TodoListTests;
				PRODUCT_NAME = "$(TARGET_NAME)";
				SWIFT_EMIT_LOC_STRINGS = NO;
				SWIFT_VERSION = 5.0;
				TARGETED_DEVICE_FAMILY = "1,2";
				TEST_HOST = "$(BUILT_PRODUCTS_DIR)/TodoList.app/$(BUNDLE_EXECUTABLE_FOLDER_PATH)/TodoList";
			};
			name = Debug;
		};
		0DC8E4EB28D97D3300640189 /* Release */ = {
			isa = XCBuildConfiguration;
			buildSettings = {
				ALWAYS_EMBED_SWIFT_STANDARD_LIBRARIES = YES;
				BUNDLE_LOADER = "$(TEST_HOST)";
				CODE_SIGN_STYLE = Automatic;
				CURRENT_PROJECT_VERSION = 1;
				GENERATE_INFOPLIST_FILE = YES;
				IPHONEOS_DEPLOYMENT_TARGET = 16.0;
				MARKETING_VERSION = 1.0;
				PRODUCT_BUNDLE_IDENTIFIER = no2.TodoListTests;
				PRODUCT_NAME = "$(TARGET_NAME)";
				SWIFT_EMIT_LOC_STRINGS = NO;
				SWIFT_VERSION = 5.0;
				TARGETED_DEVICE_FAMILY = "1,2";
				TEST_HOST = "$(BUILT_PRODUCTS_DIR)/TodoList.app/$(BUNDLE_EXECUTABLE_FOLDER_PATH)/TodoList";
			};
			name = Release;
		};
		0DC8E4ED28D97D3300640189 /* Debug */ = {
			isa = XCBuildConfiguration;
			buildSettings = {
				ALWAYS_EMBED_SWIFT_STANDARD_LIBRARIES = YES;
				CODE_SIGN_STYLE = Automatic;
				CURRENT_PROJECT_VERSION = 1;
				GENERATE_INFOPLIST_FILE = YES;
				MARKETING_VERSION = 1.0;
				PRODUCT_BUNDLE_IDENTIFIER = no2.TodoListUITests;
				PRODUCT_NAME = "$(TARGET_NAME)";
				SWIFT_EMIT_LOC_STRINGS = NO;
				SWIFT_VERSION = 5.0;
				TARGETED_DEVICE_FAMILY = "1,2";
				TEST_TARGET_NAME = TodoList;
			};
			name = Debug;
		};
		0DC8E4EE28D97D3300640189 /* Release */ = {
			isa = XCBuildConfiguration;
			buildSettings = {
				ALWAYS_EMBED_SWIFT_STANDARD_LIBRARIES = YES;
				CODE_SIGN_STYLE = Automatic;
				CURRENT_PROJECT_VERSION = 1;
				GENERATE_INFOPLIST_FILE = YES;
				MARKETING_VERSION = 1.0;
				PRODUCT_BUNDLE_IDENTIFIER = no2.TodoListUITests;
				PRODUCT_NAME = "$(TARGET_NAME)";
				SWIFT_EMIT_LOC_STRINGS = NO;
				SWIFT_VERSION = 5.0;
				TARGETED_DEVICE_FAMILY = "1,2";
				TEST_TARGET_NAME = TodoList;
			};
			name = Release;
		};
/* End XCBuildConfiguration section */

/* Begin XCConfigurationList section */
		0DC8E4B428D97D3100640189 /* Build configuration list for PBXProject "TodoList" */ = {
			isa = XCConfigurationList;
			buildConfigurations = (
				0DC8E4E428D97D3300640189 /* Debug */,
				0DC8E4E528D97D3300640189 /* Release */,
			);
			defaultConfigurationIsVisible = 0;
			defaultConfigurationName = Release;
		};
		0DC8E4E628D97D3300640189 /* Build configuration list for PBXNativeTarget "TodoList" */ = {
			isa = XCConfigurationList;
			buildConfigurations = (
				0DC8E4E728D97D3300640189 /* Debug */,
				0DC8E4E828D97D3300640189 /* Release */,
			);
			defaultConfigurationIsVisible = 0;
			defaultConfigurationName = Release;
		};
		0DC8E4E928D97D3300640189 /* Build configuration list for PBXNativeTarget "TodoListTests" */ = {
			isa = XCConfigurationList;
			buildConfigurations = (
				0DC8E4EA28D97D3300640189 /* Debug */,
				0DC8E4EB28D97D3300640189 /* Release */,
			);
			defaultConfigurationIsVisible = 0;
			defaultConfigurationName = Release;
		};
		0DC8E4EC28D97D3300640189 /* Build configuration list for PBXNativeTarget "TodoListUITests" */ = {
			isa = XCConfigurationList;
			buildConfigurations = (
				0DC8E4ED28D97D3300640189 /* Debug */,
				0DC8E4EE28D97D3300640189 /* Release */,
			);
			defaultConfigurationIsVisible = 0;
			defaultConfigurationName = Release;
		};
/* End XCConfigurationList section */

/* Begin XCVersionGroup section */
		0D40BF6F28D9B98800D339E4 /* dataList.xcdatamodeld */ = {
			isa = XCVersionGroup;
			children = (
				0D40BF7028D9B98800D339E4 /* dataList.xcdatamodel */,
			);
			currentVersion = 0D40BF7028D9B98800D339E4 /* dataList.xcdatamodel */;
			path = dataList.xcdatamodeld;
			sourceTree = "<group>";
			versionGroupType = wrapper.xcdatamodel;
		};
		0DC8E4C528D97D3100640189 /* TodoList.xcdatamodeld */ = {
			isa = XCVersionGroup;
			children = (
				0DC8E4C628D97D3100640189 /* TodoList.xcdatamodel */,
			);
			currentVersion = 0DC8E4C628D97D3100640189 /* TodoList.xcdatamodel */;
			path = TodoList.xcdatamodeld;
			sourceTree = "<group>";
			versionGroupType = wrapper.xcdatamodel;
		};
/* End XCVersionGroup section */
	};
	rootObject = 0DC8E4B128D97D3100640189 /* Project object */;
}
